{
  "name": "pi-codegraph-extension",
  "version": "0.1.0",
  "lockfileVersion": 3,
  "requires": true,
  "packages": {
    "": {
      "name": "pi-codegraph-extension",
      "version": "0.1.0",
      "dependencies": {
        "@colbymchenry/codegraph": "1.4.0",
        "typebox": "^1.2.10"
      }
    },
    "node_modules/@colbymchenry/codegraph": {
      "version": "1.4.0",
      "resolved": "https://registry.npmjs.org/@colbymchenry/codegraph/-/codegraph-1.4.0.tgz",
      "integrity": "sha512-TuiF8wHsweogJe1ANGHq/yKbwttkShBDFxcpUtTCvKuFlwPWcGghC2vru4QCqNA/T8AVqiBiV+ZxBV9dkZj8GA==",
      "license": "MIT",
      "bin": {
        "codegraph": "npm-shim.js"
      },
      "optionalDependencies": {
        "@colbymchenry/codegraph-darwin-arm64": "1.4.0",
        "@colbymchenry/codegraph-darwin-x64": "1.4.0",
        "@colbymchenry/codegraph-linux-arm64": "1.4.0",
        "@colbymchenry/codegraph-linux-x64": "1.4.0",
        "@colbymchenry/codegraph-win32-arm64": "1.4.0",
        "@colbymchenry/codegraph-win32-x64": "1.4.0"
      }
    },
    "node_modules/@colbymchenry/codegraph-darwin-arm64": {
      "version": "1.4.0",
      "resolved": "https://registry.npmjs.org/@colbymchenry/codegraph-darwin-arm64/-/codegraph-darwin-arm64-1.4.0.tgz",
      "integrity": "sha512-/QSI3vvQRyt/H+9NllFlFbL+NwVo7G0V/Z3vay9yMfuMTjjb2p16rlvdkQkFOsO9rpYj1UpAJYsD3lPBuDmVTw==",
      "cpu": [
        "arm64"
      ],
      "license": "MIT",
      "optional": true,
      "os": [
        "darwin"
      ]
    },
    "node_modules/@colbymchenry/codegraph-darwin-x64": {
      "version": "1.4.0",
      "resolved": "https://registry.npmjs.org/@colbymchenry/codegraph-darwin-x64/-/codegraph-darwin-x64-1.4.0.tgz",
      "integrity": "sha512-OiFLBfelA7sOgNqdfVKWa5DZbpy1hApNf420+eOseVFqDxl7mcdPmZQsB8sNFjHnomc8W21YDFZyFu70eT7C2g==",
      "cpu": [
        "x64"
      ],
      "license": "MIT",
      "optional": true,
      "os": [
        "darwin"
      ]
    },
    "node_modules/@colbymchenry/codegraph-linux-arm64": {
      "version": "1.4.0",
      "resolved": "https://registry.npmjs.org/@colbymchenry/codegraph-linux-arm64/-/codegraph-linux-arm64-1.4.0.tgz",
      "integrity": "sha512-0g816KZeNP0cA0ueGoVmWeUWY2l9V4wjD/PfLda3E7++iA8MZFBqRIzTQsjv1FlTWFN52GcQaDG3pmG3aZtYqQ==",
      "cpu": [
        "arm64"
      ],
      "license": "MIT",
      "optional": true,
      "os": [
        "linux"
      ]
    },
    "node_modules/@colbymchenry/codegraph-linux-x64": {
      "version": "1.4.0",
      "resolved": "https://registry.npmjs.org/@colbymchenry/codegraph-linux-x64/-/codegraph-linux-x64-1.4.0.tgz",
      "integrity": "sha512-0E268exwhFx5gZRqxOiWB3tyiT9P853h6nLbMdSooayp2Elo4zBumtnVaeNWN1ma3USww9mkLHxHpkRzelPelw==",
      "cpu": [
        "x64"
      ],
      "license": "MIT",
      "optional": true,
      "os": [
        "linux"
      ]
    },
    "node_modules/@colbymchenry/codegraph-win32-arm64": {
      "version": "1.4.0",
      "resolved": "https://registry.npmjs.org/@colbymchenry/codegraph-win32-arm64/-/codegraph-win32-arm64-1.4.0.tgz",
      "integrity": "sha512-Y6G70FVvhGi5Zl1PMzywqZ+NEZ4+WpJQoN/KXU44IeId7PV+UjgN9sei1iK1DTsKXMVXu0bSYcyCIufbjo32+w==",
      "cpu": [
        "arm64"
      ],
      "license": "MIT",
      "optional": true,
      "os": [
        "win32"
      ]
    },
    "node_modules/@colbymchenry/codegraph-win32-x64": {
      "version": "1.4.0",
      "resolved": "https://registry.npmjs.org/@colbymchenry/codegraph-win32-x64/-/codegraph-win32-x64-1.4.0.tgz",
      "integrity": "sha512-i+oGd0zCuXgsbvgfx89F3Fk+1pCoH2cZe+xQAzH0Icz7fyzhyggj9OZ08Og2FPRqf9xgyPe7jUzPBoZtuPGtPg==",
      "cpu": [
        "x64"
      ],
      "license": "MIT",
      "optional": true,
      "os": [
        "win32"
      ]
    },
    "node_modules/typebox": {
      "version": "1.2.10",
      "resolved": "https://registry.npmjs.org/typebox/-/typebox-1.2.10.tgz",
      "integrity": "sha512-JxRjKnERBRlQ9UmY31Kwvc25deamnG3YZNzOKaG8RntoyJdwhUeW9Ju3Hr3h6hdLK7yyngQbOv7qot62PHVuAg==",
      "license": "MIT"
    }
  }
}
