{
  "name": "pi-codegraph-extension",
  "version": "0.1.0",
  "lockfileVersion": 3,
  "requires": true,
  "packages": {
    "": {
      "name": "pi-codegraph-extension",
      "version": "0.1.0",
      "dependencies": {
        "@colbymchenry/codegraph": "1.4.1",
        "typebox": "^1.2.10"
      }
    },
    "node_modules/@colbymchenry/codegraph": {
      "version": "1.4.1",
      "resolved": "https://registry.npmjs.org/@colbymchenry/codegraph/-/codegraph-1.4.1.tgz",
      "integrity": "sha512-xZayboJt6T3QBzBsBsI0eJ3J/tN4vYs6LMuvrxJVdM71yQFjrFKFeV3KsbicAgkj6AHnTXxUNk26g9BYwkNMgg==",
      "license": "MIT",
      "bin": {
        "codegraph": "npm-shim.js"
      },
      "optionalDependencies": {
        "@colbymchenry/codegraph-darwin-arm64": "1.4.1",
        "@colbymchenry/codegraph-darwin-x64": "1.4.1",
        "@colbymchenry/codegraph-linux-arm64": "1.4.1",
        "@colbymchenry/codegraph-linux-x64": "1.4.1",
        "@colbymchenry/codegraph-win32-arm64": "1.4.1",
        "@colbymchenry/codegraph-win32-x64": "1.4.1"
      }
    },
    "node_modules/@colbymchenry/codegraph-darwin-arm64": {
      "version": "1.4.1",
      "resolved": "https://registry.npmjs.org/@colbymchenry/codegraph-darwin-arm64/-/codegraph-darwin-arm64-1.4.1.tgz",
      "integrity": "sha512-USSpExjuxZWN0OeNexZp2V5fCfOI4ZekqE79CJiBdGdPbqGTB+857ImIqzWGyF/rAyyED94Wc0Cd82t+uWD30w==",
      "cpu": [
        "arm64"
      ],
      "license": "MIT",
      "optional": true,
      "os": [
        "darwin"
      ]
    },
    "node_modules/@colbymchenry/codegraph-darwin-x64": {
      "version": "1.4.1",
      "resolved": "https://registry.npmjs.org/@colbymchenry/codegraph-darwin-x64/-/codegraph-darwin-x64-1.4.1.tgz",
      "integrity": "sha512-syLC7QPsNui2hPrK58El0XQrjjdSYhsoKS5i26ieD8DVrb0adzFQrBRP8qId/wfGp078xdC54rdKvqgmbIL1WQ==",
      "cpu": [
        "x64"
      ],
      "license": "MIT",
      "optional": true,
      "os": [
        "darwin"
      ]
    },
    "node_modules/@colbymchenry/codegraph-linux-arm64": {
      "version": "1.4.1",
      "resolved": "https://registry.npmjs.org/@colbymchenry/codegraph-linux-arm64/-/codegraph-linux-arm64-1.4.1.tgz",
      "integrity": "sha512-XC6GJ9/fTicW9CE3k2fOcUOcbtDU8mS53t+PUfzq3Py9+JiX3PtJgtBB8bmf6e45NZUF5foaLUwFXfxTTl961g==",
      "cpu": [
        "arm64"
      ],
      "license": "MIT",
      "optional": true,
      "os": [
        "linux"
      ]
    },
    "node_modules/@colbymchenry/codegraph-linux-x64": {
      "version": "1.4.1",
      "resolved": "https://registry.npmjs.org/@colbymchenry/codegraph-linux-x64/-/codegraph-linux-x64-1.4.1.tgz",
      "integrity": "sha512-bjfa+0IyjbxpZz7ghznN4qMPoYVSiZafeZu/rXGdg3VI+kEPOPZrk2vmtWIU9tBPGVJbeU2Kwa/0Z2DkUGOJ9A==",
      "cpu": [
        "x64"
      ],
      "license": "MIT",
      "optional": true,
      "os": [
        "linux"
      ]
    },
    "node_modules/@colbymchenry/codegraph-win32-arm64": {
      "version": "1.4.1",
      "resolved": "https://registry.npmjs.org/@colbymchenry/codegraph-win32-arm64/-/codegraph-win32-arm64-1.4.1.tgz",
      "integrity": "sha512-mb5bFDhwcP49U0P2IBRhH1O5ZmnlgE8lIXTlg2dqpfLeL+XfxzyeJ+i4I0KU0h1hlNWP/u3d2k+1EGem2swDBw==",
      "cpu": [
        "arm64"
      ],
      "license": "MIT",
      "optional": true,
      "os": [
        "win32"
      ]
    },
    "node_modules/@colbymchenry/codegraph-win32-x64": {
      "version": "1.4.1",
      "resolved": "https://registry.npmjs.org/@colbymchenry/codegraph-win32-x64/-/codegraph-win32-x64-1.4.1.tgz",
      "integrity": "sha512-ipN6WvTKa0cSXIL6DTdACq57WnNYTjVq2wtC5uPT8F22o6Ucbcu3/w3OzKkkfwP4mkXv2cDMbuvExbnYNULyuw==",
      "cpu": [
        "x64"
      ],
      "license": "MIT",
      "optional": true,
      "os": [
        "win32"
      ]
    },
    "node_modules/typebox": {
      "version": "1.2.10",
      "resolved": "https://registry.npmjs.org/typebox/-/typebox-1.2.10.tgz",
      "integrity": "sha512-JxRjKnERBRlQ9UmY31Kwvc25deamnG3YZNzOKaG8RntoyJdwhUeW9Ju3Hr3h6hdLK7yyngQbOv7qot62PHVuAg==",
      "license": "MIT"
    }
  }
}
