{
  "name": "pi-codegraph-extension",
  "version": "0.1.0",
  "lockfileVersion": 3,
  "requires": true,
  "packages": {
    "": {
      "name": "pi-codegraph-extension",
      "version": "0.1.0",
      "dependencies": {
        "@colbymchenry/codegraph": "1.2.0",
        "typebox": "^1.2.10"
      }
    },
    "node_modules/@colbymchenry/codegraph": {
      "version": "1.2.0",
      "resolved": "https://registry.npmjs.org/@colbymchenry/codegraph/-/codegraph-1.2.0.tgz",
      "integrity": "sha512-E743dg0E0Q/ownKoSN7h0xw6HA5F2C2yIVxVCzWgLWgyufudXgaIHCz7oPXsauqAPr/bd4CWGk/8FszVtFxxkQ==",
      "license": "MIT",
      "bin": {
        "codegraph": "npm-shim.js"
      },
      "optionalDependencies": {
        "@colbymchenry/codegraph-darwin-arm64": "1.2.0",
        "@colbymchenry/codegraph-darwin-x64": "1.2.0",
        "@colbymchenry/codegraph-linux-arm64": "1.2.0",
        "@colbymchenry/codegraph-linux-x64": "1.2.0",
        "@colbymchenry/codegraph-win32-arm64": "1.2.0",
        "@colbymchenry/codegraph-win32-x64": "1.2.0"
      }
    },
    "node_modules/@colbymchenry/codegraph-darwin-arm64": {
      "version": "1.2.0",
      "resolved": "https://registry.npmjs.org/@colbymchenry/codegraph-darwin-arm64/-/codegraph-darwin-arm64-1.2.0.tgz",
      "integrity": "sha512-kN0r74pZaOgoNy8hcP/vArgt6G0O5fiWWAFNf2Cf7rcaH8htGHCwqTZGGWkWdL7yb/6AyVSqIKTRkAsjxKZkew==",
      "cpu": [
        "arm64"
      ],
      "license": "MIT",
      "optional": true,
      "os": [
        "darwin"
      ]
    },
    "node_modules/@colbymchenry/codegraph-darwin-x64": {
      "version": "1.2.0",
      "resolved": "https://registry.npmjs.org/@colbymchenry/codegraph-darwin-x64/-/codegraph-darwin-x64-1.2.0.tgz",
      "integrity": "sha512-PzuZQrOrwP3AZJFjjXseRgKYrD3IlVPjOGKhrot+uqnhBUhMMBcOrB8xy2Wfu1rcpnH4GCuS14GYmy9qVkQibg==",
      "cpu": [
        "x64"
      ],
      "license": "MIT",
      "optional": true,
      "os": [
        "darwin"
      ]
    },
    "node_modules/@colbymchenry/codegraph-linux-arm64": {
      "version": "1.2.0",
      "resolved": "https://registry.npmjs.org/@colbymchenry/codegraph-linux-arm64/-/codegraph-linux-arm64-1.2.0.tgz",
      "integrity": "sha512-xrR5X+z4kks2BVCs0eRARi9d4n5bOUKCKLJhtfVnq9a/YFv9yMJuviDqPtKuqBSnv5xlrLUK9R3oHHFEq7tE5A==",
      "cpu": [
        "arm64"
      ],
      "license": "MIT",
      "optional": true,
      "os": [
        "linux"
      ]
    },
    "node_modules/@colbymchenry/codegraph-linux-x64": {
      "version": "1.2.0",
      "resolved": "https://registry.npmjs.org/@colbymchenry/codegraph-linux-x64/-/codegraph-linux-x64-1.2.0.tgz",
      "integrity": "sha512-f0T6Vpb3NHGnWDIiULxyd97RuPvHXrdasm59AQCBLqc1mSyjs1KqoXHhwyf17VN4zheBOggRpvfpKOmQeWaMWQ==",
      "cpu": [
        "x64"
      ],
      "license": "MIT",
      "optional": true,
      "os": [
        "linux"
      ]
    },
    "node_modules/@colbymchenry/codegraph-win32-arm64": {
      "version": "1.2.0",
      "resolved": "https://registry.npmjs.org/@colbymchenry/codegraph-win32-arm64/-/codegraph-win32-arm64-1.2.0.tgz",
      "integrity": "sha512-78KniDLWxMANDJwyp84S+QKOgJCmHLuZO9TE+9Xw6HlB8/vRF1mxj/WHKoUpwMzQ89j1/D2feYd5JGYHfjA0yQ==",
      "cpu": [
        "arm64"
      ],
      "license": "MIT",
      "optional": true,
      "os": [
        "win32"
      ]
    },
    "node_modules/@colbymchenry/codegraph-win32-x64": {
      "version": "1.2.0",
      "resolved": "https://registry.npmjs.org/@colbymchenry/codegraph-win32-x64/-/codegraph-win32-x64-1.2.0.tgz",
      "integrity": "sha512-ZEitbwb1x5lekuNRmne3V0ZpURXrDtJSxmP/qepG50JkMujf4812XG6FzxR3iQ/q1j8qsZHpcdghFssB4XfvNA==",
      "cpu": [
        "x64"
      ],
      "license": "MIT",
      "optional": true,
      "os": [
        "win32"
      ]
    },
    "node_modules/typebox": {
      "version": "1.2.10",
      "resolved": "https://registry.npmjs.org/typebox/-/typebox-1.2.10.tgz",
      "integrity": "sha512-JxRjKnERBRlQ9UmY31Kwvc25deamnG3YZNzOKaG8RntoyJdwhUeW9Ju3Hr3h6hdLK7yyngQbOv7qot62PHVuAg==",
      "license": "MIT"
    }
  }
}
